
Microsoft Visual Studio Solution File, Format Version 12.00
# Visual Studio Version 17
VisualStudioVersion = 17.8.34112.27
MinimumVisualStudioVersion = 10.0.40219.1
Project("{FAE04EC0-301F-11D3-BF4B-00C04F79EFBC}") = "DekaMojiAA", "DekaMojiAA\DekaMojiAA.csproj", "{9493045E-DC21-4F49-A222-31C869A4ACF3}"
EndProject
Project("{FAE04EC0-301F-11D3-BF4B-00C04F79EFBC}") = "DekaMojiAAMaker", "DekaMojiAAMaker\DekaMojiAAMaker.csproj", "{0770E21B-B691-4C90-9FE1-80968FD41485}"
EndProject
Global
	GlobalSection(SolutionConfigurationPlatforms) = preSolution
		Debug|Any CPU = Debug|Any CPU
		Release|Any CPU = Release|Any CPU
	EndGlobalSection
	GlobalSection(ProjectConfigurationPlatforms) = postSolution
		{9493045E-DC21-4F49-A222-31C869A4ACF3}.Debug|Any CPU.ActiveCfg = Debug|Any CPU
		{9493045E-DC21-4F49-A222-31C869A4ACF3}.Debug|Any CPU.Build.0 = Debug|Any CPU
		{9493045E-DC21-4F49-A222-31C869A4ACF3}.Release|Any CPU.ActiveCfg = Release|Any CPU
		{9493045E-DC21-4F49-A222-31C869A4ACF3}.Release|Any CPU.Build.0 = Release|Any CPU
		{0770E21B-B691-4C90-9FE1-80968FD41485}.Debug|Any CPU.ActiveCfg = Debug|Any CPU
		{0770E21B-B691-4C90-9FE1-80968FD41485}.Debug|Any CPU.Build.0 = Debug|Any CPU
		{0770E21B-B691-4C90-9FE1-80968FD41485}.Release|Any CPU.ActiveCfg = Release|Any CPU
		{0770E21B-B691-4C90-9FE1-80968FD41485}.Release|Any CPU.Build.0 = Release|Any CPU
	EndGlobalSection
	GlobalSection(SolutionProperties) = preSolution
		HideSolutionNode = FALSE
	EndGlobalSection
	GlobalSection(ExtensibilityGlobals) = postSolution
		SolutionGuid = {8FE56655-91D4-4DE3-BE1A-9E87EDEFD28A}
	EndGlobalSection
EndGlobal
